
Microsoft Visual Studio Solution File, Format Version 12.00
# Visual Studio Version 17
VisualStudioVersion = 17.0.32112.339
MinimumVisualStudioVersion = 10.0.40219.1
Project("{9A19103F-16F7-4668-BE54-9A1E7A4F7556}") = "ari-first-try", "ari-first-try.csproj", "{A8327F48-2D93-4C09-8826-D3A739FDBF55}"
EndProject
Global
	GlobalSection(SolutionConfigurationPlatforms) = preSolution
		Debug|Any CPU = Debug|Any CPU
		Release|Any CPU = Release|Any CPU
	EndGlobalSection
	GlobalSection(ProjectConfigurationPlatforms) = postSolution
		{A8327F48-2D93-4C09-8826-D3A739FDBF55}.Debug|Any CPU.ActiveCfg = Debug|Any CPU
		{A8327F48-2D93-4C09-8826-D3A739FDBF55}.Debug|Any CPU.Build.0 = Debug|Any CPU
		{A8327F48-2D93-4C09-8826-D3A739FDBF55}.Release|Any CPU.ActiveCfg = Release|Any CPU
		{A8327F48-2D93-4C09-8826-D3A739FDBF55}.Release|Any CPU.Build.0 = Release|Any CPU
	EndGlobalSection
	GlobalSection(SolutionProperties) = preSolution
		HideSolutionNode = FALSE
	EndGlobalSection
	GlobalSection(ExtensibilityGlobals) = postSolution
		SolutionGuid = {2514F48F-1FC1-4EC0-8488-84299915954E}
	EndGlobalSection
EndGlobal
